
Microsoft Visual Studio Solution File, Format Version 12.00
# Visual Studio Version 17
VisualStudioVersion = 17.11.35327.3
MinimumVisualStudioVersion = 10.0.40219.1
Project("{FAE04EC0-301F-11D3-BF4B-00C04F79EFBC}") = "casa_cambio_back", "casa_cambio_back\casa_cambio_back.csproj", "{98F16DB3-E828-4ACF-B4BB-21F99B4FB7DA}"
EndProject
Global
	GlobalSection(SolutionConfigurationPlatforms) = preSolution
		Debug|Any CPU = Debug|Any CPU
		Release|Any CPU = Release|Any CPU
	EndGlobalSection
	GlobalSection(ProjectConfigurationPlatforms) = postSolution
		{98F16DB3-E828-4ACF-B4BB-21F99B4FB7DA}.Debug|Any CPU.ActiveCfg = Debug|Any CPU
		{98F16DB3-E828-4ACF-B4BB-21F99B4FB7DA}.Debug|Any CPU.Build.0 = Debug|Any CPU
		{98F16DB3-E828-4ACF-B4BB-21F99B4FB7DA}.Release|Any CPU.ActiveCfg = Release|Any CPU
		{98F16DB3-E828-4ACF-B4BB-21F99B4FB7DA}.Release|Any CPU.Build.0 = Release|Any CPU
	EndGlobalSection
	GlobalSection(SolutionProperties) = preSolution
		HideSolutionNode = FALSE
	EndGlobalSection
	GlobalSection(ExtensibilityGlobals) = postSolution
		SolutionGuid = {B86FE66D-9CAB-4B93-98C3-D9B1C57A0C80}
	EndGlobalSection
EndGlobal
